{
    "_readme": [
        "This file locks the dependencies of your project to a known state",
        "Read more about it at https://getcomposer.org/doc/01-basic-usage.md#installing-dependencies",
        "This file is @generated automatically"
    ],
    "content-hash": "d325114f12c88c31b7c27f7f53e41128",
    "packages": [
        {
            "name": "bblibs/bb_curl",
            "version": "dev-main",
            "source": {
                "type": "git",
                "url": "https://github.com/carvalhosjs/bb_curl.git",
                "reference": "5bd679de92f4862cb55679538ffa2413384fae32"
            },
            "dist": {
                "type": "zip",
                "url": "https://api.github.com/repos/carvalhosjs/bb_curl/zipball/5bd679de92f4862cb55679538ffa2413384fae32",
                "reference": "5bd679de92f4862cb55679538ffa2413384fae32",
                "shasum": ""
            },
            "require": {
                "php": "^7.1"
            },
            "type": "library",
            "autoload": {
                "psr-4": {
                    "BBCurl\\": "source/"
                }
            },
            "notification-url": "https://packagist.org/downloads/",
            "authors": [
                {
                    "name": "Carlos Mateus Carvalho",
                    "email": "carvalho.ti.adm@gmail.com",
                    "homepage": "https://carvalhosjs.github.io/",
                    "role": "Developer"
                }
            ],
            "description": "Request CURL para PHP",
            "time": "2020-11-03T19:27:51+00:00"
        }
    ],
    "packages-dev": [],
    "aliases": [],
    "minimum-stability": "stable",
    "stability-flags": {
        "bblibs/bb_curl": 20
    },
    "prefer-stable": false,
    "prefer-lowest": false,
    "platform": {
        "php": "^7.1"
    },
    "platform-dev": []
}
